
Microsoft Visual Studio Solution File, Format Version 12.00
# Visual Studio Version 17
VisualStudioVersion = 17.3.32929.385
MinimumVisualStudioVersion = 10.0.40219.1
Project("{2150E333-8FDC-42A3-9474-1A3956D46DE8}") = "Services", "Services", "{514B6B36-2948-410E-8536-106A6CAC9A37}"
EndProject
Project("{2150E333-8FDC-42A3-9474-1A3956D46DE8}") = "Catalog", "Catalog", "{620DDEE0-485D-40DE-A5B2-9BD1FB38FB2D}"
EndProject
Project("{FAE04EC0-301F-11D3-BF4B-00C04F79EFBC}") = "Catalog.API", "Services\Catalog\Catalog.API\Catalog.API.csproj", "{56740FF3-C469-4ED6-A058-982741DB15B6}"
EndProject
Global
	GlobalSection(SolutionConfigurationPlatforms) = preSolution
		Debug|Any CPU = Debug|Any CPU
		Release|Any CPU = Release|Any CPU
	EndGlobalSection
	GlobalSection(ProjectConfigurationPlatforms) = postSolution
		{56740FF3-C469-4ED6-A058-982741DB15B6}.Debug|Any CPU.ActiveCfg = Debug|Any CPU
		{56740FF3-C469-4ED6-A058-982741DB15B6}.Debug|Any CPU.Build.0 = Debug|Any CPU
		{56740FF3-C469-4ED6-A058-982741DB15B6}.Release|Any CPU.ActiveCfg = Release|Any CPU
		{56740FF3-C469-4ED6-A058-982741DB15B6}.Release|Any CPU.Build.0 = Release|Any CPU
	EndGlobalSection
	GlobalSection(SolutionProperties) = preSolution
		HideSolutionNode = FALSE
	EndGlobalSection
	GlobalSection(NestedProjects) = preSolution
		{620DDEE0-485D-40DE-A5B2-9BD1FB38FB2D} = {514B6B36-2948-410E-8536-106A6CAC9A37}
		{56740FF3-C469-4ED6-A058-982741DB15B6} = {620DDEE0-485D-40DE-A5B2-9BD1FB38FB2D}
	EndGlobalSection
	GlobalSection(ExtensibilityGlobals) = postSolution
		SolutionGuid = {96D2E81E-EFE1-4B08-AE39-B315917987C5}
	EndGlobalSection
EndGlobal
